
Microsoft Visual Studio Solution File, Format Version 12.00
# Visual Studio Version 16
VisualStudioVersion = 25.0.1704.0
MinimumVisualStudioVersion = 10.0.40219.1
Project("{FAE04EC0-301F-11D3-BF4B-00C04F79EFBC}") = "COVID-19_cases_query", "COVID-19_cases_query\COVID-19_cases_query.csproj", "{169E62CD-1570-404A-894D-D68013B29940}"
EndProject
Global
	GlobalSection(SolutionConfigurationPlatforms) = preSolution
		Debug|Any CPU = Debug|Any CPU
		Release|Any CPU = Release|Any CPU
	EndGlobalSection
	GlobalSection(ProjectConfigurationPlatforms) = postSolution
		{169E62CD-1570-404A-894D-D68013B29940}.Debug|Any CPU.ActiveCfg = Debug|Any CPU
		{169E62CD-1570-404A-894D-D68013B29940}.Debug|Any CPU.Build.0 = Debug|Any CPU
		{169E62CD-1570-404A-894D-D68013B29940}.Release|Any CPU.ActiveCfg = Release|Any CPU
		{169E62CD-1570-404A-894D-D68013B29940}.Release|Any CPU.Build.0 = Release|Any CPU
	EndGlobalSection
	GlobalSection(SolutionProperties) = preSolution
		HideSolutionNode = FALSE
	EndGlobalSection
	GlobalSection(ExtensibilityGlobals) = postSolution
		SolutionGuid = {F84722F8-60E5-4265-B957-05C48A058ACB}
	EndGlobalSection
EndGlobal
